
Microsoft Visual Studio Solution File, Format Version 12.00
# Visual Studio Version 16
VisualStudioVersion = 16.0.30717.126
MinimumVisualStudioVersion = 10.0.40219.1
Project("{FAE04EC0-301F-11D3-BF4B-00C04F79EFBC}") = "WebApplicationEducation", "WebApplicationEducation\WebApplicationEducation.csproj", "{E8E93DF2-6E7E-4499-AFFB-01581DB1DA3B}"
EndProject
Global
	GlobalSection(SolutionConfigurationPlatforms) = preSolution
		Debug|Any CPU = Debug|Any CPU
		Release|Any CPU = Release|Any CPU
	EndGlobalSection
	GlobalSection(ProjectConfigurationPlatforms) = postSolution
		{E8E93DF2-6E7E-4499-AFFB-01581DB1DA3B}.Debug|Any CPU.ActiveCfg = Debug|Any CPU
		{E8E93DF2-6E7E-4499-AFFB-01581DB1DA3B}.Debug|Any CPU.Build.0 = Debug|Any CPU
		{E8E93DF2-6E7E-4499-AFFB-01581DB1DA3B}.Release|Any CPU.ActiveCfg = Release|Any CPU
		{E8E93DF2-6E7E-4499-AFFB-01581DB1DA3B}.Release|Any CPU.Build.0 = Release|Any CPU
	EndGlobalSection
	GlobalSection(SolutionProperties) = preSolution
		HideSolutionNode = FALSE
	EndGlobalSection
	GlobalSection(ExtensibilityGlobals) = postSolution
		SolutionGuid = {17E0EE09-FBB7-42D0-B9FF-58D7AE25D5A5}
	EndGlobalSection
EndGlobal
